
Microsoft Visual Studio Solution File, Format Version 12.00
# Visual Studio 15
VisualStudioVersion = 15.0.28307.705
MinimumVisualStudioVersion = 10.0.40219.1
Project("{FAE04EC0-301F-11D3-BF4B-00C04F79EFBC}") = "SabaqRemote.Android", "SabaqRemote\SabaqRemote.Android\SabaqRemote.Android.csproj", "{942B802C-79FF-4A68-B2AA-99A0D4180AC0}"
EndProject
Project("{FAE04EC0-301F-11D3-BF4B-00C04F79EFBC}") = "SabaqRemote.iOS", "SabaqRemote\SabaqRemote.iOS\SabaqRemote.iOS.csproj", "{64A08FE4-71CB-4FFC-8696-935066EC5406}"
EndProject
Project("{FAE04EC0-301F-11D3-BF4B-00C04F79EFBC}") = "SabaqRemote", "SabaqRemote\SabaqRemote\SabaqRemote.csproj", "{9E41ADEC-143C-4BC0-AFC9-A3E37D2242A4}"
EndProject
Global
	GlobalSection(SolutionConfigurationPlatforms) = preSolution
		Ad-Hoc|Any CPU = Ad-Hoc|Any CPU
		Ad-Hoc|iPhone = Ad-Hoc|iPhone
		Ad-Hoc|iPhoneSimulator = Ad-Hoc|iPhoneSimulator
		AppStore|Any CPU = AppStore|Any CPU
		AppStore|iPhone = AppStore|iPhone
		AppStore|iPhoneSimulator = AppStore|iPhoneSimulator
		Debug|Any CPU = Debug|Any CPU
		Debug|iPhone = Debug|iPhone
		Debug|iPhoneSimulator = Debug|iPhoneSimulator
		Release|Any CPU = Release|Any CPU
		Release|iPhone = Release|iPhone
		Release|iPhoneSimulator = Release|iPhoneSimulator
	EndGlobalSection
	GlobalSection(ProjectConfigurationPlatforms) = postSolution
		{942B802C-79FF-4A68-B2AA-99A0D4180AC0}.Ad-Hoc|Any CPU.ActiveCfg = Release|Any CPU
		{942B802C-79FF-4A68-B2AA-99A0D4180AC0}.Ad-Hoc|Any CPU.Build.0 = Release|Any CPU
		{942B802C-79FF-4A68-B2AA-99A0D4180AC0}.Ad-Hoc|Any CPU.Deploy.0 = Release|Any CPU
		{942B802C-79FF-4A68-B2AA-99A0D4180AC0}.Ad-Hoc|iPhone.ActiveCfg = Release|Any CPU
		{942B802C-79FF-4A68-B2AA-99A0D4180AC0}.Ad-Hoc|iPhone.Build.0 = Release|Any CPU
		{942B802C-79FF-4A68-B2AA-99A0D4180AC0}.Ad-Hoc|iPhone.Deploy.0 = Release|Any CPU
		{942B802C-79FF-4A68-B2AA-99A0D4180AC0}.Ad-Hoc|iPhoneSimulator.ActiveCfg = Release|Any CPU
		{942B802C-79FF-4A68-B2AA-99A0D4180AC0}.Ad-Hoc|iPhoneSimulator.Build.0 = Release|Any CPU
		{942B802C-79FF-4A68-B2AA-99A0D4180AC0}.Ad-Hoc|iPhoneSimulator.Deploy.0 = Release|Any CPU
		{942B802C-79FF-4A68-B2AA-99A0D4180AC0}.AppStore|Any CPU.ActiveCfg = Release|Any CPU
		{942B802C-79FF-4A68-B2AA-99A0D4180AC0}.AppStore|Any CPU.Build.0 = Release|Any CPU
		{942B802C-79FF-4A68-B2AA-99A0D4180AC0}.AppStore|Any CPU.Deploy.0 = Release|Any CPU
		{942B802C-79FF-4A68-B2AA-99A0D4180AC0}.AppStore|iPhone.ActiveCfg = Release|Any CPU
		{942B802C-79FF-4A68-B2AA-99A0D4180AC0}.AppStore|iPhone.Build.0 = Release|Any CPU
		{942B802C-79FF-4A68-B2AA-99A0D4180AC0}.AppStore|iPhone.Deploy.0 = Release|Any CPU
		{942B802C-79FF-4A68-B2AA-99A0D4180AC0}.AppStore|iPhoneSimulator.ActiveCfg = Release|Any CPU
		{942B802C-79FF-4A68-B2AA-99A0D4180AC0}.AppStore|iPhoneSimulator.Build.0 = Release|Any CPU
		{942B802C-79FF-4A68-B2AA-99A0D4180AC0}.AppStore|iPhoneSimulator.Deploy.0 = Release|Any CPU
		{942B802C-79FF-4A68-B2AA-99A0D4180AC0}.Debug|Any CPU.ActiveCfg = Debug|Any CPU
		{942B802C-79FF-4A68-B2AA-99A0D4180AC0}.Debug|Any CPU.Build.0 = Debug|Any CPU
		{942B802C-79FF-4A68-B2AA-99A0D4180AC0}.Debug|Any CPU.Deploy.0 = Debug|Any CPU
		{942B802C-79FF-4A68-B2AA-99A0D4180AC0}.Debug|iPhone.ActiveCfg = Debug|Any CPU
		{942B802C-79FF-4A68-B2AA-99A0D4180AC0}.Debug|iPhone.Build.0 = Debug|Any CPU
		{942B802C-79FF-4A68-B2AA-99A0D4180AC0}.Debug|iPhone.Deploy.0 = Debug|Any CPU
		{942B802C-79FF-4A68-B2AA-99A0D4180AC0}.Debug|iPhoneSimulator.ActiveCfg = Debug|Any CPU
		{942B802C-79FF-4A68-B2AA-99A0D4180AC0}.Debug|iPhoneSimulator.Build.0 = Debug|Any CPU
		{942B802C-79FF-4A68-B2AA-99A0D4180AC0}.Debug|iPhoneSimulator.Deploy.0 = Debug|Any CPU
		{942B802C-79FF-4A68-B2AA-99A0D4180AC0}.Release|Any CPU.ActiveCfg = Release|Any CPU
		{942B802C-79FF-4A68-B2AA-99A0D4180AC0}.Release|Any CPU.Build.0 = Release|Any CPU
		{942B802C-79FF-4A68-B2AA-99A0D4180AC0}.Release|Any CPU.Deploy.0 = Release|Any CPU
		{942B802C-79FF-4A68-B2AA-99A0D4180AC0}.Release|iPhone.ActiveCfg = Release|Any CPU
		{942B802C-79FF-4A68-B2AA-99A0D4180AC0}.Release|iPhone.Build.0 = Release|Any CPU
		{942B802C-79FF-4A68-B2AA-99A0D4180AC0}.Release|iPhone.Deploy.0 = Release|Any CPU
		{942B802C-79FF-4A68-B2AA-99A0D4180AC0}.Release|iPhoneSimulator.ActiveCfg = Release|Any CPU
		{942B802C-79FF-4A68-B2AA-99A0D4180AC0}.Release|iPhoneSimulator.Build.0 = Release|Any CPU
		{942B802C-79FF-4A68-B2AA-99A0D4180AC0}.Release|iPhoneSimulator.Deploy.0 = Release|Any CPU
		{64A08FE4-71CB-4FFC-8696-935066EC5406}.Ad-Hoc|Any CPU.ActiveCfg = Ad-Hoc|iPhone
		{64A08FE4-71CB-4FFC-8696-935066EC5406}.Ad-Hoc|Any CPU.Build.0 = Ad-Hoc|iPhone
		{64A08FE4-71CB-4FFC-8696-935066EC5406}.Ad-Hoc|Any CPU.Deploy.0 = Ad-Hoc|iPhone
		{64A08FE4-71CB-4FFC-8696-935066EC5406}.Ad-Hoc|iPhone.ActiveCfg = Ad-Hoc|iPhone
		{64A08FE4-71CB-4FFC-8696-935066EC5406}.Ad-Hoc|iPhone.Build.0 = Ad-Hoc|iPhone
		{64A08FE4-71CB-4FFC-8696-935066EC5406}.Ad-Hoc|iPhone.Deploy.0 = Ad-Hoc|iPhone
		{64A08FE4-71CB-4FFC-8696-935066EC5406}.Ad-Hoc|iPhoneSimulator.ActiveCfg = Ad-Hoc|iPhoneSimulator
		{64A08FE4-71CB-4FFC-8696-935066EC5406}.Ad-Hoc|iPhoneSimulator.Build.0 = Ad-Hoc|iPhoneSimulator
		{64A08FE4-71CB-4FFC-8696-935066EC5406}.Ad-Hoc|iPhoneSimulator.Deploy.0 = Ad-Hoc|iPhoneSimulator
		{64A08FE4-71CB-4FFC-8696-935066EC5406}.AppStore|Any CPU.ActiveCfg = AppStore|iPhone
		{64A08FE4-71CB-4FFC-8696-935066EC5406}.AppStore|Any CPU.Build.0 = AppStore|iPhone
		{64A08FE4-71CB-4FFC-8696-935066EC5406}.AppStore|Any CPU.Deploy.0 = AppStore|iPhone
		{64A08FE4-71CB-4FFC-8696-935066EC5406}.AppStore|iPhone.ActiveCfg = AppStore|iPhone
		{64A08FE4-71CB-4FFC-8696-935066EC5406}.AppStore|iPhone.Build.0 = AppStore|iPhone
		{64A08FE4-71CB-4FFC-8696-935066EC5406}.AppStore|iPhone.Deploy.0 = AppStore|iPhone
		{64A08FE4-71CB-4FFC-8696-935066EC5406}.AppStore|iPhoneSimulator.ActiveCfg = AppStore|iPhoneSimulator
		{64A08FE4-71CB-4FFC-8696-935066EC5406}.AppStore|iPhoneSimulator.Build.0 = AppStore|iPhoneSimulator
		{64A08FE4-71CB-4FFC-8696-935066EC5406}.AppStore|iPhoneSimulator.Deploy.0 = AppStore|iPhoneSimulator
		{64A08FE4-71CB-4FFC-8696-935066EC5406}.Debug|Any CPU.ActiveCfg = Debug|iPhoneSimulator
		{64A08FE4-71CB-4FFC-8696-935066EC5406}.Debug|Any CPU.Build.0 = Debug|iPhoneSimulator
		{64A08FE4-71CB-4FFC-8696-935066EC5406}.Debug|Any CPU.Deploy.0 = Debug|iPhoneSimulator
		{64A08FE4-71CB-4FFC-8696-935066EC5406}.Debug|iPhone.ActiveCfg = Debug|iPhone
		{64A08FE4-71CB-4FFC-8696-935066EC5406}.Debug|iPhone.Build.0 = Debug|iPhone
		{64A08FE4-71CB-4FFC-8696-935066EC5406}.Debug|iPhone.Deploy.0 = Debug|iPhone
		{64A08FE4-71CB-4FFC-8696-935066EC5406}.Debug|iPhoneSimulator.ActiveCfg = Debug|iPhoneSimulator
		{64A08FE4-71CB-4FFC-8696-935066EC5406}.Debug|iPhoneSimulator.Build.0 = Debug|iPhoneSimulator
		{64A08FE4-71CB-4FFC-8696-935066EC5406}.Debug|iPhoneSimulator.Deploy.0 = Debug|iPhoneSimulator
		{64A08FE4-71CB-4FFC-8696-935066EC5406}.Release|Any CPU.ActiveCfg = Release|iPhone
		{64A08FE4-71CB-4FFC-8696-935066EC5406}.Release|Any CPU.Build.0 = Release|iPhone
		{64A08FE4-71CB-4FFC-8696-935066EC5406}.Release|Any CPU.Deploy.0 = Release|iPhone
		{64A08FE4-71CB-4FFC-8696-935066EC5406}.Release|iPhone.ActiveCfg = Release|iPhone
		{64A08FE4-71CB-4FFC-8696-935066EC5406}.Release|iPhone.Build.0 = Release|iPhone
		{64A08FE4-71CB-4FFC-8696-935066EC5406}.Release|iPhone.Deploy.0 = Release|iPhone
		{64A08FE4-71CB-4FFC-8696-935066EC5406}.Release|iPhoneSimulator.ActiveCfg = Release|iPhoneSimulator
		{64A08FE4-71CB-4FFC-8696-935066EC5406}.Release|iPhoneSimulator.Build.0 = Release|iPhoneSimulator
		{64A08FE4-71CB-4FFC-8696-935066EC5406}.Release|iPhoneSimulator.Deploy.0 = Release|iPhoneSimulator
		{9E41ADEC-143C-4BC0-AFC9-A3E37D2242A4}.Ad-Hoc|Any CPU.ActiveCfg = Debug|Any CPU
		{9E41ADEC-143C-4BC0-AFC9-A3E37D2242A4}.Ad-Hoc|Any CPU.Build.0 = Debug|Any CPU
		{9E41ADEC-143C-4BC0-AFC9-A3E37D2242A4}.Ad-Hoc|Any CPU.Deploy.0 = Debug|Any CPU
		{9E41ADEC-143C-4BC0-AFC9-A3E37D2242A4}.Ad-Hoc|iPhone.ActiveCfg = Debug|Any CPU
		{9E41ADEC-143C-4BC0-AFC9-A3E37D2242A4}.Ad-Hoc|iPhone.Build.0 = Debug|Any CPU
		{9E41ADEC-143C-4BC0-AFC9-A3E37D2242A4}.Ad-Hoc|iPhone.Deploy.0 = Debug|Any CPU
		{9E41ADEC-143C-4BC0-AFC9-A3E37D2242A4}.Ad-Hoc|iPhoneSimulator.ActiveCfg = Debug|Any CPU
		{9E41ADEC-143C-4BC0-AFC9-A3E37D2242A4}.Ad-Hoc|iPhoneSimulator.Build.0 = Debug|Any CPU
		{9E41ADEC-143C-4BC0-AFC9-A3E37D2242A4}.Ad-Hoc|iPhoneSimulator.Deploy.0 = Debug|Any CPU
		{9E41ADEC-143C-4BC0-AFC9-A3E37D2242A4}.AppStore|Any CPU.ActiveCfg = Debug|Any CPU
		{9E41ADEC-143C-4BC0-AFC9-A3E37D2242A4}.AppStore|Any CPU.Build.0 = Debug|Any CPU
		{9E41ADEC-143C-4BC0-AFC9-A3E37D2242A4}.AppStore|Any CPU.Deploy.0 = Debug|Any CPU
		{9E41ADEC-143C-4BC0-AFC9-A3E37D2242A4}.AppStore|iPhone.ActiveCfg = Debug|Any CPU
		{9E41ADEC-143C-4BC0-AFC9-A3E37D2242A4}.AppStore|iPhone.Build.0 = Debug|Any CPU
		{9E41ADEC-143C-4BC0-AFC9-A3E37D2242A4}.AppStore|iPhone.Deploy.0 = Debug|Any CPU
		{9E41ADEC-143C-4BC0-AFC9-A3E37D2242A4}.AppStore|iPhoneSimulator.ActiveCfg = Debug|Any CPU
		{9E41ADEC-143C-4BC0-AFC9-A3E37D2242A4}.AppStore|iPhoneSimulator.Build.0 = Debug|Any CPU
		{9E41ADEC-143C-4BC0-AFC9-A3E37D2242A4}.AppStore|iPhoneSimulator.Deploy.0 = Debug|Any CPU
		{9E41ADEC-143C-4BC0-AFC9-A3E37D2242A4}.Debug|Any CPU.ActiveCfg = Debug|Any CPU
		{9E41ADEC-143C-4BC0-AFC9-A3E37D2242A4}.Debug|Any CPU.Build.0 = Debug|Any CPU
		{9E41ADEC-143C-4BC0-AFC9-A3E37D2242A4}.Debug|Any CPU.Deploy.0 = Debug|Any CPU
		{9E41ADEC-143C-4BC0-AFC9-A3E37D2242A4}.Debug|iPhone.ActiveCfg = Debug|Any CPU
		{9E41ADEC-143C-4BC0-AFC9-A3E37D2242A4}.Debug|iPhone.Build.0 = Debug|Any CPU
		{9E41ADEC-143C-4BC0-AFC9-A3E37D2242A4}.Debug|iPhone.Deploy.0 = Debug|Any CPU
		{9E41ADEC-143C-4BC0-AFC9-A3E37D2242A4}.Debug|iPhoneSimulator.ActiveCfg = Debug|Any CPU
		{9E41ADEC-143C-4BC0-AFC9-A3E37D2242A4}.Debug|iPhoneSimulator.Build.0 = Debug|Any CPU
		{9E41ADEC-143C-4BC0-AFC9-A3E37D2242A4}.Debug|iPhoneSimulator.Deploy.0 = Debug|Any CPU
		{9E41ADEC-143C-4BC0-AFC9-A3E37D2242A4}.Release|Any CPU.ActiveCfg = Release|Any CPU
		{9E41ADEC-143C-4BC0-AFC9-A3E37D2242A4}.Release|Any CPU.Build.0 = Release|Any CPU
		{9E41ADEC-143C-4BC0-AFC9-A3E37D2242A4}.Release|Any CPU.Deploy.0 = Release|Any CPU
		{9E41ADEC-143C-4BC0-AFC9-A3E37D2242A4}.Release|iPhone.ActiveCfg = Release|Any CPU
		{9E41ADEC-143C-4BC0-AFC9-A3E37D2242A4}.Release|iPhone.Build.0 = Release|Any CPU
		{9E41ADEC-143C-4BC0-AFC9-A3E37D2242A4}.Release|iPhone.Deploy.0 = Release|Any CPU
		{9E41ADEC-143C-4BC0-AFC9-A3E37D2242A4}.Release|iPhoneSimulator.ActiveCfg = Release|Any CPU
		{9E41ADEC-143C-4BC0-AFC9-A3E37D2242A4}.Release|iPhoneSimulator.Build.0 = Release|Any CPU
		{9E41ADEC-143C-4BC0-AFC9-A3E37D2242A4}.Release|iPhoneSimulator.Deploy.0 = Release|Any CPU
	EndGlobalSection
	GlobalSection(SolutionProperties) = preSolution
		HideSolutionNode = FALSE
	EndGlobalSection
	GlobalSection(ExtensibilityGlobals) = postSolution
		SolutionGuid = {AB16BF2A-67E0-4E5B-87D6-08779A4663DD}
	EndGlobalSection
EndGlobal
